
Microsoft Visual Studio Solution File, Format Version 12.00
# Visual Studio 2012
Project("{FAE04EC0-301F-11D3-BF4B-00C04F79EFBC}") = "MTUploadHelper2", "MTUploadHelper2\MTUploadHelper2.csproj", "{350BEAD9-9DF5-4846-B726-80C09B6024C3}"
EndProject
Global
	GlobalSection(SolutionConfigurationPlatforms) = preSolution
		Debug|Any CPU = Debug|Any CPU
		Release|Any CPU = Release|Any CPU
		AppStore|Any CPU = AppStore|Any CPU
	EndGlobalSection
	GlobalSection(ProjectConfigurationPlatforms) = postSolution
		{350BEAD9-9DF5-4846-B726-80C09B6024C3}.AppStore|Any CPU.ActiveCfg = AppStore|Any CPU
		{350BEAD9-9DF5-4846-B726-80C09B6024C3}.AppStore|Any CPU.Build.0 = AppStore|Any CPU
		{350BEAD9-9DF5-4846-B726-80C09B6024C3}.Debug|Any CPU.ActiveCfg = Debug|Any CPU
		{350BEAD9-9DF5-4846-B726-80C09B6024C3}.Debug|Any CPU.Build.0 = Debug|Any CPU
		{350BEAD9-9DF5-4846-B726-80C09B6024C3}.Release|Any CPU.ActiveCfg = Release|Any CPU
		{350BEAD9-9DF5-4846-B726-80C09B6024C3}.Release|Any CPU.Build.0 = Release|Any CPU
	EndGlobalSection
	GlobalSection(MonoDevelopProperties) = preSolution
		StartupItem = MTUploadHelper2\MTUploadHelper2.csproj
	EndGlobalSection
EndGlobal
